
Microsoft Visual Studio Solution File, Format Version 12.00
# Visual Studio Version 17
VisualStudioVersion = 17.7.34031.279
MinimumVisualStudioVersion = 10.0.40219.1
Project("{FAE04EC0-301F-11D3-BF4B-00C04F79EFBC}") = "calculadora", "calculadora\calculadora.csproj", "{D49876D6-A7E9-4A31-BCBB-53C2CF3CEC6D}"
EndProject
Global
	GlobalSection(SolutionConfigurationPlatforms) = preSolution
		Debug|Any CPU = Debug|Any CPU
		Release|Any CPU = Release|Any CPU
	EndGlobalSection
	GlobalSection(ProjectConfigurationPlatforms) = postSolution
		{D49876D6-A7E9-4A31-BCBB-53C2CF3CEC6D}.Debug|Any CPU.ActiveCfg = Debug|Any CPU
		{D49876D6-A7E9-4A31-BCBB-53C2CF3CEC6D}.Debug|Any CPU.Build.0 = Debug|Any CPU
		{D49876D6-A7E9-4A31-BCBB-53C2CF3CEC6D}.Release|Any CPU.ActiveCfg = Release|Any CPU
		{D49876D6-A7E9-4A31-BCBB-53C2CF3CEC6D}.Release|Any CPU.Build.0 = Release|Any CPU
	EndGlobalSection
	GlobalSection(SolutionProperties) = preSolution
		HideSolutionNode = FALSE
	EndGlobalSection
	GlobalSection(ExtensibilityGlobals) = postSolution
		SolutionGuid = {F141E317-63B2-4682-9DB9-E0F9056D85B6}
	EndGlobalSection
EndGlobal
